
Microsoft Visual Studio Solution File, Format Version 12.00
Project("{FAE04EC0-301F-11D3-BF4B-00C04F79EFBC}") = "Eng-Backend.DAL", "Eng-Backend.DAL\Eng-Backend.DAL.csproj", "{048C3DDF-4948-4622-B3D2-4B77F73F2EE2}"
EndProject
Project("{FAE04EC0-301F-11D3-BF4B-00C04F79EFBC}") = "Eng-Backend.DtoLayer", "Eng-Backend.DtoLayer\Eng-Backend.DtoLayer.csproj", "{488EF3C0-F2B2-46B3-85A7-895AB7CC0A5F}"
EndProject
Project("{FAE04EC0-301F-11D3-BF4B-00C04F79EFBC}") = "Eng-BackendAPI", "Eng-BackendAPI\Eng-BackendAPI.csproj", "{F576DFFA-BE33-492A-8806-1636EDCB1E95}"
EndProject
Project("{FAE04EC0-301F-11D3-BF4B-00C04F79EFBC}") = "Eng-Backend.BusinessLayer", "Eng-Backend.BusinessLayer\Eng-Backend.BusinessLayer.csproj", "{3E539791-95A0-437A-9E14-01CB52AE72DF}"
EndProject
Global
	GlobalSection(SolutionConfigurationPlatforms) = preSolution
		Debug|Any CPU = Debug|Any CPU
		Release|Any CPU = Release|Any CPU
	EndGlobalSection
	GlobalSection(ProjectConfigurationPlatforms) = postSolution
		{048C3DDF-4948-4622-B3D2-4B77F73F2EE2}.Debug|Any CPU.ActiveCfg = Debug|Any CPU
		{048C3DDF-4948-4622-B3D2-4B77F73F2EE2}.Debug|Any CPU.Build.0 = Debug|Any CPU
		{048C3DDF-4948-4622-B3D2-4B77F73F2EE2}.Release|Any CPU.ActiveCfg = Release|Any CPU
		{048C3DDF-4948-4622-B3D2-4B77F73F2EE2}.Release|Any CPU.Build.0 = Release|Any CPU
		{488EF3C0-F2B2-46B3-85A7-895AB7CC0A5F}.Debug|Any CPU.ActiveCfg = Debug|Any CPU
		{488EF3C0-F2B2-46B3-85A7-895AB7CC0A5F}.Debug|Any CPU.Build.0 = Debug|Any CPU
		{488EF3C0-F2B2-46B3-85A7-895AB7CC0A5F}.Release|Any CPU.ActiveCfg = Release|Any CPU
		{488EF3C0-F2B2-46B3-85A7-895AB7CC0A5F}.Release|Any CPU.Build.0 = Release|Any CPU
		{F576DFFA-BE33-492A-8806-1636EDCB1E95}.Debug|Any CPU.ActiveCfg = Debug|Any CPU
		{F576DFFA-BE33-492A-8806-1636EDCB1E95}.Debug|Any CPU.Build.0 = Debug|Any CPU
		{F576DFFA-BE33-492A-8806-1636EDCB1E95}.Release|Any CPU.ActiveCfg = Release|Any CPU
		{F576DFFA-BE33-492A-8806-1636EDCB1E95}.Release|Any CPU.Build.0 = Release|Any CPU
		{3E539791-95A0-437A-9E14-01CB52AE72DF}.Debug|Any CPU.ActiveCfg = Debug|Any CPU
		{3E539791-95A0-437A-9E14-01CB52AE72DF}.Debug|Any CPU.Build.0 = Debug|Any CPU
		{3E539791-95A0-437A-9E14-01CB52AE72DF}.Release|Any CPU.ActiveCfg = Release|Any CPU
		{3E539791-95A0-437A-9E14-01CB52AE72DF}.Release|Any CPU.Build.0 = Release|Any CPU
	EndGlobalSection
EndGlobal
